Microsoft Visual Studio Solution File, Format Version 9.00
# Visual Studio 2005
Project("{8BC9CEB8-8B4A-11D0-8D11-00A0C91BC942}") = "BSpline", "lib\BSpline.vcproj", "{B7EC1C78-6895-4951-824A-07F042BCB416}"
EndProject
Project("{8BC9CEB8-8B4A-11D0-8D11-00A0C91BC942}") = "driver", "driver.vcproj", "{E0FD65BF-9ECE-4C34-A12F-E26ABC630612}"
	ProjectSection(ProjectDependencies) = postProject
		{B7EC1C78-6895-4951-824A-07F042BCB416} = {B7EC1C78-6895-4951-824A-07F042BCB416}
	EndProjectSection
EndProject
Global
	GlobalSection(SolutionConfigurationPlatforms) = preSolution
		Debug|Win32 = Debug|Win32
		Release|Win32 = Release|Win32
	EndGlobalSection
	GlobalSection(ProjectConfigurationPlatforms) = postSolution
		{B7EC1C78-6895-4951-824A-07F042BCB416}.Debug|Win32.ActiveCfg = Debug|Win32
		{B7EC1C78-6895-4951-824A-07F042BCB416}.Debug|Win32.Build.0 = Debug|Win32
		{B7EC1C78-6895-4951-824A-07F042BCB416}.Release|Win32.ActiveCfg = Release|Win32
		{B7EC1C78-6895-4951-824A-07F042BCB416}.Release|Win32.Build.0 = Release|Win32
		{E0FD65BF-9ECE-4C34-A12F-E26ABC630612}.Debug|Win32.ActiveCfg = Debug|Win32
		{E0FD65BF-9ECE-4C34-A12F-E26ABC630612}.Debug|Win32.Build.0 = Debug|Win32
		{E0FD65BF-9ECE-4C34-A12F-E26ABC630612}.Release|Win32.ActiveCfg = Release|Win32
		{E0FD65BF-9ECE-4C34-A12F-E26ABC630612}.Release|Win32.Build.0 = Release|Win32
	EndGlobalSection
	GlobalSection(SolutionProperties) = preSolution
		HideSolutionNode = FALSE
	EndGlobalSection
EndGlobal
